
Microsoft Visual Studio Solution File, Format Version 12.00
# Visual Studio Version 16
VisualStudioVersion = 16.0.30330.147
MinimumVisualStudioVersion = 10.0.40219.1
Project("{9A19103F-16F7-4668-BE54-9A1E7A4F7556}") = "Irrelephant.DnB.Core", "Irrelephant.DnB.Core\Irrelephant.DnB.Core.csproj", "{F52D3A5E-2756-4B46-B370-388D684B6C5F}"
EndProject
Project("{9A19103F-16F7-4668-BE54-9A1E7A4F7556}") = "Irrelephant.DnB.Tests", "Irrelephant.DnB.Tests\Irrelephant.DnB.Tests.csproj", "{60A72F61-46EC-4838-AA98-CACD4A9BC91A}"
EndProject
Project("{9A19103F-16F7-4668-BE54-9A1E7A4F7556}") = "Irrelephant.DnB.Client", "Irrelephant.DnB.Client\Irrelephant.DnB.Client.csproj", "{ABB68834-626B-4E86-A1E3-08962F24455E}"
EndProject
Project("{2150E333-8FDC-42A3-9474-1A3956D46DE8}") = "Solution Items", "Solution Items", "{16888349-CF1A-48BA-96AE-C994546F96A0}"
	ProjectSection(SolutionItems) = preProject
		.editorconfig = .editorconfig
	EndProjectSection
EndProject
Project("{9A19103F-16F7-4668-BE54-9A1E7A4F7556}") = "Irrelephant.DnB.Server", "Irrelephant.DnB.Server\Irrelephant.DnB.Server.csproj", "{B241973C-E04E-41F9-A5DB-2F71B419D395}"
EndProject
Project("{9A19103F-16F7-4668-BE54-9A1E7A4F7556}") = "Irrelephant.DnB.Client.Tests", "Irrelephant.DnB.Client.Tests\Irrelephant.DnB.Client.Tests.csproj", "{AB087C49-D5A2-43AC-A633-4247C82F3FC7}"
EndProject
Project("{2150E333-8FDC-42A3-9474-1A3956D46DE8}") = "Tests", "Tests", "{16731B05-AC83-47E3-A829-B9F8A3974659}"
EndProject
Project("{9A19103F-16F7-4668-BE54-9A1E7A4F7556}") = "Irrelephant.DnB.Server.Tests", "Irrelephant.DnB.Server.Tests\Irrelephant.DnB.Server.Tests.csproj", "{91081D4C-A458-46A6-AEA4-B69DC2AAAD44}"
EndProject
Project("{9A19103F-16F7-4668-BE54-9A1E7A4F7556}") = "Irrelephant.DnB.DataTransfer", "Irrelephant.DnB.DataTransfer\Irrelephant.DnB.DataTransfer.csproj", "{EAC44AD7-DFFF-4123-BE70-47C91F2F4500}"
EndProject
Global
	GlobalSection(SolutionConfigurationPlatforms) = preSolution
		Debug|Any CPU = Debug|Any CPU
		Release|Any CPU = Release|Any CPU
	EndGlobalSection
	GlobalSection(ProjectConfigurationPlatforms) = postSolution
		{F52D3A5E-2756-4B46-B370-388D684B6C5F}.Debug|Any CPU.ActiveCfg = Debug|Any CPU
		{F52D3A5E-2756-4B46-B370-388D684B6C5F}.Debug|Any CPU.Build.0 = Debug|Any CPU
		{F52D3A5E-2756-4B46-B370-388D684B6C5F}.Release|Any CPU.ActiveCfg = Release|Any CPU
		{F52D3A5E-2756-4B46-B370-388D684B6C5F}.Release|Any CPU.Build.0 = Release|Any CPU
		{60A72F61-46EC-4838-AA98-CACD4A9BC91A}.Debug|Any CPU.ActiveCfg = Debug|Any CPU
		{60A72F61-46EC-4838-AA98-CACD4A9BC91A}.Debug|Any CPU.Build.0 = Debug|Any CPU
		{60A72F61-46EC-4838-AA98-CACD4A9BC91A}.Release|Any CPU.ActiveCfg = Release|Any CPU
		{60A72F61-46EC-4838-AA98-CACD4A9BC91A}.Release|Any CPU.Build.0 = Release|Any CPU
		{ABB68834-626B-4E86-A1E3-08962F24455E}.Debug|Any CPU.ActiveCfg = Debug|Any CPU
		{ABB68834-626B-4E86-A1E3-08962F24455E}.Debug|Any CPU.Build.0 = Debug|Any CPU
		{ABB68834-626B-4E86-A1E3-08962F24455E}.Release|Any CPU.ActiveCfg = Release|Any CPU
		{ABB68834-626B-4E86-A1E3-08962F24455E}.Release|Any CPU.Build.0 = Release|Any CPU
		{B241973C-E04E-41F9-A5DB-2F71B419D395}.Debug|Any CPU.ActiveCfg = Debug|Any CPU
		{B241973C-E04E-41F9-A5DB-2F71B419D395}.Debug|Any CPU.Build.0 = Debug|Any CPU
		{B241973C-E04E-41F9-A5DB-2F71B419D395}.Release|Any CPU.ActiveCfg = Release|Any CPU
		{B241973C-E04E-41F9-A5DB-2F71B419D395}.Release|Any CPU.Build.0 = Release|Any CPU
		{AB087C49-D5A2-43AC-A633-4247C82F3FC7}.Debug|Any CPU.ActiveCfg = Debug|Any CPU
		{AB087C49-D5A2-43AC-A633-4247C82F3FC7}.Debug|Any CPU.Build.0 = Debug|Any CPU
		{AB087C49-D5A2-43AC-A633-4247C82F3FC7}.Release|Any CPU.ActiveCfg = Release|Any CPU
		{AB087C49-D5A2-43AC-A633-4247C82F3FC7}.Release|Any CPU.Build.0 = Release|Any CPU
		{91081D4C-A458-46A6-AEA4-B69DC2AAAD44}.Debug|Any CPU.ActiveCfg = Debug|Any CPU
		{91081D4C-A458-46A6-AEA4-B69DC2AAAD44}.Debug|Any CPU.Build.0 = Debug|Any CPU
		{91081D4C-A458-46A6-AEA4-B69DC2AAAD44}.Release|Any CPU.ActiveCfg = Release|Any CPU
		{91081D4C-A458-46A6-AEA4-B69DC2AAAD44}.Release|Any CPU.Build.0 = Release|Any CPU
		{EAC44AD7-DFFF-4123-BE70-47C91F2F4500}.Debug|Any CPU.ActiveCfg = Debug|Any CPU
		{EAC44AD7-DFFF-4123-BE70-47C91F2F4500}.Debug|Any CPU.Build.0 = Debug|Any CPU
		{EAC44AD7-DFFF-4123-BE70-47C91F2F4500}.Release|Any CPU.ActiveCfg = Release|Any CPU
		{EAC44AD7-DFFF-4123-BE70-47C91F2F4500}.Release|Any CPU.Build.0 = Release|Any CPU
	EndGlobalSection
	GlobalSection(SolutionProperties) = preSolution
		HideSolutionNode = FALSE
	EndGlobalSection
	GlobalSection(NestedProjects) = preSolution
		{60A72F61-46EC-4838-AA98-CACD4A9BC91A} = {16731B05-AC83-47E3-A829-B9F8A3974659}
		{AB087C49-D5A2-43AC-A633-4247C82F3FC7} = {16731B05-AC83-47E3-A829-B9F8A3974659}
		{91081D4C-A458-46A6-AEA4-B69DC2AAAD44} = {16731B05-AC83-47E3-A829-B9F8A3974659}
	EndGlobalSection
	GlobalSection(ExtensibilityGlobals) = postSolution
		SolutionGuid = {06401C31-9C07-4004-9339-4FDBBA221CEB}
	EndGlobalSection
EndGlobal
